
Microsoft Visual Studio Solution File, Format Version 12.00
# Visual Studio Version 16
VisualStudioVersion = 16.0.30907.101
MinimumVisualStudioVersion = 10.0.40219.1
Project("{FAE04EC0-301F-11D3-BF4B-00C04F79EFBC}") = "MyFirstAPI", "MyFirstAPI\MyFirstAPI.csproj", "{294ACA7F-7C88-44AD-ABDD-6793F9FF270B}"
EndProject
Global
	GlobalSection(SolutionConfigurationPlatforms) = preSolution
		Debug|Any CPU = Debug|Any CPU
		Release|Any CPU = Release|Any CPU
	EndGlobalSection
	GlobalSection(ProjectConfigurationPlatforms) = postSolution
		{294ACA7F-7C88-44AD-ABDD-6793F9FF270B}.Debug|Any CPU.ActiveCfg = Debug|Any CPU
		{294ACA7F-7C88-44AD-ABDD-6793F9FF270B}.Debug|Any CPU.Build.0 = Debug|Any CPU
		{294ACA7F-7C88-44AD-ABDD-6793F9FF270B}.Release|Any CPU.ActiveCfg = Release|Any CPU
		{294ACA7F-7C88-44AD-ABDD-6793F9FF270B}.Release|Any CPU.Build.0 = Release|Any CPU
	EndGlobalSection
	GlobalSection(SolutionProperties) = preSolution
		HideSolutionNode = FALSE
	EndGlobalSection
	GlobalSection(ExtensibilityGlobals) = postSolution
		SolutionGuid = {5799671F-EF31-47E5-BBBD-6106E92C4A64}
	EndGlobalSection
EndGlobal
